
Microsoft Visual Studio Solution File, Format Version 12.00
# Visual Studio Version 16
VisualStudioVersion = 16.0.30517.126
MinimumVisualStudioVersion = 10.0.40219.1
Project("{FAE04EC0-301F-11D3-BF4B-00C04F79EFBC}") = "NABABackend", "NABABackend.csproj", "{C957ABA8-635F-4643-867D-BEF79C2E0644}"
EndProject
Global
	GlobalSection(SolutionConfigurationPlatforms) = preSolution
		Debug|Any CPU = Debug|Any CPU
		Release|Any CPU = Release|Any CPU
	EndGlobalSection
	GlobalSection(ProjectConfigurationPlatforms) = postSolution
		{C957ABA8-635F-4643-867D-BEF79C2E0644}.Debug|Any CPU.ActiveCfg = Debug|Any CPU
		{C957ABA8-635F-4643-867D-BEF79C2E0644}.Debug|Any CPU.Build.0 = Debug|Any CPU
		{C957ABA8-635F-4643-867D-BEF79C2E0644}.Release|Any CPU.ActiveCfg = Release|Any CPU
		{C957ABA8-635F-4643-867D-BEF79C2E0644}.Release|Any CPU.Build.0 = Release|Any CPU
	EndGlobalSection
	GlobalSection(SolutionProperties) = preSolution
		HideSolutionNode = FALSE
	EndGlobalSection
	GlobalSection(ExtensibilityGlobals) = postSolution
		SolutionGuid = {5B7105C4-7FB4-4795-95B5-C2FF6F77086A}
	EndGlobalSection
EndGlobal
